
Microsoft Visual Studio Solution File, Format Version 12.00
# Visual Studio Version 16
VisualStudioVersion = 25.0.1700.0
MinimumVisualStudioVersion = 10.0.40219.1
Project("{FAE04EC0-301F-11D3-BF4B-00C04F79EFBC}") = "task02", "task02\task02.csproj", "{0FD25347-1C6C-4C30-86CC-CF2CEB2DD68A}"
EndProject
Global
	GlobalSection(SolutionConfigurationPlatforms) = preSolution
		Debug|Any CPU = Debug|Any CPU
		Release|Any CPU = Release|Any CPU
	EndGlobalSection
	GlobalSection(ProjectConfigurationPlatforms) = postSolution
		{0FD25347-1C6C-4C30-86CC-CF2CEB2DD68A}.Debug|Any CPU.ActiveCfg = Debug|Any CPU
		{0FD25347-1C6C-4C30-86CC-CF2CEB2DD68A}.Debug|Any CPU.Build.0 = Debug|Any CPU
		{0FD25347-1C6C-4C30-86CC-CF2CEB2DD68A}.Release|Any CPU.ActiveCfg = Release|Any CPU
		{0FD25347-1C6C-4C30-86CC-CF2CEB2DD68A}.Release|Any CPU.Build.0 = Release|Any CPU
	EndGlobalSection
	GlobalSection(SolutionProperties) = preSolution
		HideSolutionNode = FALSE
	EndGlobalSection
	GlobalSection(ExtensibilityGlobals) = postSolution
		SolutionGuid = {8BD06B21-2A18-4C37-B127-BF7A3F9E9012}
	EndGlobalSection
EndGlobal
