
Microsoft Visual Studio Solution File, Format Version 12.00
# Visual Studio Version 16
VisualStudioVersion = 25.0.1700.0
MinimumVisualStudioVersion = 10.0.40219.1
Project("{FAE04EC0-301F-11D3-BF4B-00C04F79EFBC}") = "task06", "task06\task06.csproj", "{DA0593C1-FBA7-49F6-AD2F-4BFD21C518A7}"
EndProject
Global
	GlobalSection(SolutionConfigurationPlatforms) = preSolution
		Debug|Any CPU = Debug|Any CPU
		Release|Any CPU = Release|Any CPU
	EndGlobalSection
	GlobalSection(ProjectConfigurationPlatforms) = postSolution
		{DA0593C1-FBA7-49F6-AD2F-4BFD21C518A7}.Debug|Any CPU.ActiveCfg = Debug|Any CPU
		{DA0593C1-FBA7-49F6-AD2F-4BFD21C518A7}.Debug|Any CPU.Build.0 = Debug|Any CPU
		{DA0593C1-FBA7-49F6-AD2F-4BFD21C518A7}.Release|Any CPU.ActiveCfg = Release|Any CPU
		{DA0593C1-FBA7-49F6-AD2F-4BFD21C518A7}.Release|Any CPU.Build.0 = Release|Any CPU
	EndGlobalSection
	GlobalSection(SolutionProperties) = preSolution
		HideSolutionNode = FALSE
	EndGlobalSection
	GlobalSection(ExtensibilityGlobals) = postSolution
		SolutionGuid = {7FDE9BD4-FCB8-4629-B861-EA089EFB0D53}
	EndGlobalSection
EndGlobal
